version = 1
revision = 3
requires-python = ">=3.14"

[[package]]
name = "certifi"
version = "2026.1.4"
source = { registry = "https://pypi.org/simple" }
sdist = { url = "https://files.pythonhosted.org/packages/e0/2d/a891ca51311197f6ad14a7ef42e2399f36cf2f9bd44752b3dc4eab60fdc5/certifi-2026.1.4.tar.gz", hash = "sha256:ac726dd470482006e014ad384921ed6438c457018f4b3d204aea4281258b2120", size = 154268, upload-time = "2026-01-04T02:42:41.825Z" }
wheels = [
    { url = "https://files.pythonhosted.org/packages/e6/ad/3cc14f097111b4de0040c83a525973216457bbeeb63739ef1ed275c1c021/certifi-2026.1.4-py3-none-any.whl", hash = "sha256:9943707519e4add1115f44c2bc244f782c0249876bf51b6599fee1ffbedd685c", size = 152900, upload-time = "2026-01-04T02:42:40.15Z" },
]

[[package]]
name = "charset-normalizer"
version = "3.4.4"
source = { registry = "https://pypi.org/simple" }
sdist = { url = "https://files.pythonhosted.org/packages/13/69/33ddede1939fdd074bce5434295f38fae7136463422fe4fd3e0e89b98062/charset_normalizer-3.4.4.tar.gz", hash = "sha256:94537985111c35f28720e43603b8e7b43a6ecfb2ce1d3058bbe955b73404e21a", size = 129418, upload-time = "2025-10-14T04:42:32.879Z" }
wheels = [
    { url = "https://files.pythonhosted.org/packages/2a/35/7051599bd493e62411d6ede36fd5af83a38f37c4767b92884df7301db25d/charset_normalizer-3.4.4-cp314-cp314-macosx_10_13_universal2.whl", hash = "sha256:da3326d9e65ef63a817ecbcc0df6e94463713b754fe293eaa03da99befb9a5bd", size = 207746, upload-time = "2025-10-14T04:41:33.773Z" },
    { url = "https://files.pythonhosted.org/packages/10/9a/97c8d48ef10d6cd4fcead2415523221624bf58bcf68a802721a6bc807c8f/charset_normalizer-3.4.4-cp314-cp314-manylinux2014_aarch64.manylinux_2_17_aarch64.manylinux_2_28_aarch64.whl", hash = "sha256:8af65f14dc14a79b924524b1e7fffe304517b2bff5a58bf64f30b98bbc5079eb", size = 147889, upload-time = "2025-10-14T04:41:34.897Z" },
    { url = "https://files.pythonhosted.org/packages/10/bf/979224a919a1b606c82bd2c5fa49b5c6d5727aa47b4312bb27b1734f53cd/charset_normalizer-3.4.4-cp314-cp314-manylinux2014_armv7l.manylinux_2_17_armv7l.manylinux_2_31_armv7l.whl", hash = "sha256:74664978bb272435107de04e36db5a9735e78232b85b77d45cfb38f758efd33e", size = 143641, upload-time = "2025-10-14T04:41:36.116Z" },
    { url = "https://files.pythonhosted.org/packages/ba/33/0ad65587441fc730dc7bd90e9716b30b4702dc7b617e6ba4997dc8651495/charset_normalizer-3.4.4-cp314-cp314-manylinux2014_ppc64le.manylinux_2_17_ppc64le.manylinux_2_28_ppc64le.whl", hash = "sha256:752944c7ffbfdd10c074dc58ec2d5a8a4cd9493b314d367c14d24c17684ddd14", size = 160779, upload-time = "2025-10-14T04:41:37.229Z" },
    { url = "https://files.pythonhosted.org/packages/67/ed/331d6b249259ee71ddea93f6f2f0a56cfebd46938bde6fcc6f7b9a3d0e09/charset_normalizer-3.4.4-cp314-cp314-manylinux2014_s390x.manylinux_2_17_s390x.manylinux_2_28_s390x.whl", hash = "sha256:d1f13550535ad8cff21b8d757a3257963e951d96e20ec82ab44bc64aeb62a191", size = 159035, upload-time = "2025-10-14T04:41:38.368Z" },
    { url = "https://files.pythonhosted.org/packages/67/ff/f6b948ca32e4f2a4576aa129d8bed61f2e0543bf9f5f2b7fc3758ed005c9/charset_normalizer-3.4.4-cp314-cp314-manylinux2014_x86_64.manylinux_2_17_x86_64.manylinux_2_28_x86_64.whl", hash = "sha256:ecaae4149d99b1c9e7b88bb03e3221956f68fd6d50be2ef061b2381b61d20838", size = 152542, upload-time = "2025-10-14T04:41:39.862Z" },
    { url = "https://files.pythonhosted.org/packages/16/85/276033dcbcc369eb176594de22728541a925b2632f9716428c851b149e83/charset_normalizer-3.4.4-cp314-cp314-manylinux_2_31_riscv64.manylinux_2_39_riscv64.whl", hash = "sha256:cb6254dc36b47a990e59e1068afacdcd02958bdcce30bb50cc1700a8b9d624a6", size = 149524, upload-time = "2025-10-14T04:41:41.319Z" },
    { url = "https://files.pythonhosted.org/packages/9e/f2/6a2a1f722b6aba37050e626530a46a68f74e63683947a8acff92569f979a/charset_normalizer-3.4.4-cp314-cp314-musllinux_1_2_aarch64.whl", hash = "sha256:c8ae8a0f02f57a6e61203a31428fa1d677cbe50c93622b4149d5c0f319c1d19e", size = 150395, upload-time = "2025-10-14T04:41:42.539Z" },
    { url = "https://files.pythonhosted.org/packages/60/bb/2186cb2f2bbaea6338cad15ce23a67f9b0672929744381e28b0592676824/charset_normalizer-3.4.4-cp314-cp314-musllinux_1_2_armv7l.whl", hash = "sha256:47cc91b2f4dd2833fddaedd2893006b0106129d4b94fdb6af1f4ce5a9965577c", size = 143680, upload-time = "2025-10-14T04:41:43.661Z" },
    { url = "https://files.pythonhosted.org/packages/7d/a5/bf6f13b772fbb2a90360eb620d52ed8f796f3c5caee8398c3b2eb7b1c60d/charset_normalizer-3.4.4-cp314-cp314-musllinux_1_2_ppc64le.whl", hash = "sha256:82004af6c302b5d3ab2cfc4cc5f29db16123b1a8417f2e25f9066f91d4411090", size = 162045, upload-time = "2025-10-14T04:41:44.821Z" },
    { url = "https://files.pythonhosted.org/packages/df/c5/d1be898bf0dc3ef9030c3825e5d3b83f2c528d207d246cbabe245966808d/charset_normalizer-3.4.4-cp314-cp314-musllinux_1_2_riscv64.whl", hash = "sha256:2b7d8f6c26245217bd2ad053761201e9f9680f8ce52f0fcd8d0755aeae5b2152", size = 149687, upload-time = "2025-10-14T04:41:46.442Z" },
    { url = "https://files.pythonhosted.org/packages/a5/42/90c1f7b9341eef50c8a1cb3f098ac43b0508413f33affd762855f67a410e/charset_normalizer-3.4.4-cp314-cp314-musllinux_1_2_s390x.whl", hash = "sha256:799a7a5e4fb2d5898c60b640fd4981d6a25f1c11790935a44ce38c54e985f828", size = 160014, upload-time = "2025-10-14T04:41:47.631Z" },
    { url = "https://files.pythonhosted.org/packages/76/be/4d3ee471e8145d12795ab655ece37baed0929462a86e72372fd25859047c/charset_normalizer-3.4.4-cp314-cp314-musllinux_1_2_x86_64.whl", hash = "sha256:99ae2cffebb06e6c22bdc25801d7b30f503cc87dbd283479e7b606f70aff57ec", size = 154044, upload-time = "2025-10-14T04:41:48.81Z" },
    { url = "https://files.pythonhosted.org/packages/b0/6f/8f7af07237c34a1defe7defc565a9bc1807762f672c0fde711a4b22bf9c0/charset_normalizer-3.4.4-cp314-cp314-win32.whl", hash = "sha256:f9d332f8c2a2fcbffe1378594431458ddbef721c1769d78e2cbc06280d8155f9", size = 99940, upload-time = "2025-10-14T04:41:49.946Z" },
    { url = "https://files.pythonhosted.org/packages/4b/51/8ade005e5ca5b0d80fb4aff72a3775b325bdc3d27408c8113811a7cbe640/charset_normalizer-3.4.4-cp314-cp314-win_amd64.whl", hash = "sha256:8a6562c3700cce886c5be75ade4a5db4214fda19fede41d9792d100288d8f94c", size = 107104, upload-time = "2025-10-14T04:41:51.051Z" },
    { url = "https://files.pythonhosted.org/packages/da/5f/6b8f83a55bb8278772c5ae54a577f3099025f9ade59d0136ac24a0df4bde/charset_normalizer-3.4.4-cp314-cp314-win_arm64.whl", hash = "sha256:de00632ca48df9daf77a2c65a484531649261ec9f25489917f09e455cb09ddb2", size = 100743, upload-time = "2025-10-14T04:41:52.122Z" },
    { url = "https://files.pythonhosted.org/packages/0a/4c/925909008ed5a988ccbb72dcc897407e5d6d3bd72410d69e051fc0c14647/charset_normalizer-3.4.4-py3-none-any.whl", hash = "sha256:7a32c560861a02ff789ad905a2fe94e3f840803362c84fecf1851cb4cf3dc37f", size = 53402, upload-time = "2025-10-14T04:42:31.76Z" },
]

[[package]]
name = "colorama"
version = "0.4.6"
source = { registry = "https://pypi.org/simple" }
sdist = { url = "https://files.pythonhosted.org/packages/d8/53/6f443c9a4a8358a93a6792e2acffb9d9d5cb0a5cfd8802644b7b1c9a02e4/colorama-0.4.6.tar.gz", hash = "sha256:08695f5cb7ed6e0531a20572697297273c47b8cae5a63ffc6d6ed5c201be6e44", size = 27697, upload-time = "2022-10-25T02:36:22.414Z" }
wheels = [
    { url = "https://files.pythonhosted.org/packages/d1/d6/3965ed04c63042e047cb6a3e6ed1a63a35087b6a609aa3a15ed8ac56c221/colorama-0.4.6-py2.py3-none-any.whl", hash = "sha256:4f1d9991f5acc0ca119f9d443620b77f9d6b33703e51011c16baf57afb285fc6", size = 25335, upload-time = "2022-10-25T02:36:20.889Z" },
]

[[package]]
name = "docker"
version = "7.1.0"
source = { registry = "https://pypi.org/simple" }
dependencies = [
    { name = "pywin32", marker = "sys_platform == 'win32'" },
    { name = "requests" },
    { name = "urllib3" },
]
sdist = { url = "https://files.pythonhosted.org/packages/91/9b/4a2ea29aeba62471211598dac5d96825bb49348fa07e906ea930394a83ce/docker-7.1.0.tar.gz", hash = "sha256:ad8c70e6e3f8926cb8a92619b832b4ea5299e2831c14284663184e200546fa6c", size = 117834, upload-time = "2024-05-23T11:13:57.216Z" }
wheels = [
    { url = "https://files.pythonhosted.org/packages/e3/26/57c6fb270950d476074c087527a558ccb6f4436657314bfb6cdf484114c4/docker-7.1.0-py3-none-any.whl", hash = "sha256:c96b93b7f0a746f9e77d325bcfb87422a3d8bd4f03136ae8a85b37f1898d5fc0", size = 147774, upload-time = "2024-05-23T11:13:55.01Z" },
]

[[package]]
name = "idna"
version = "3.11"
source = { registry = "https://pypi.org/simple" }
sdist = { url = "https://files.pythonhosted.org/packages/6f/6d/0703ccc57f3a7233505399edb88de3cbd678da106337b9fcde432b65ed60/idna-3.11.tar.gz", hash = "sha256:795dafcc9c04ed0c1fb032c2aa73654d8e8c5023a7df64a53f39190ada629902", size = 194582, upload-time = "2025-10-12T14:55:20.501Z" }
wheels = [
    { url = "https://files.pythonhosted.org/packages/0e/61/66938bbb5fc52dbdf84594873d5b51fb1f7c7794e9c0f5bd885f30bc507b/idna-3.11-py3-none-any.whl", hash = "sha256:771a87f49d9defaf64091e6e6fe9c18d4833f140bd19464795bc32d966ca37ea", size = 71008, upload-time = "2025-10-12T14:55:18.883Z" },
]

[[package]]
name = "iniconfig"
version = "2.3.0"
source = { registry = "https://pypi.org/simple" }
sdist = { url = "https://files.pythonhosted.org/packages/72/34/14ca021ce8e5dfedc35312d08ba8bf51fdd999c576889fc2c24cb97f4f10/iniconfig-2.3.0.tar.gz", hash = "sha256:c76315c77db068650d49c5b56314774a7804df16fee4402c1f19d6d15d8c4730", size = 20503, upload-time = "2025-10-18T21:55:43.219Z" }
wheels = [
    { url = "https://files.pythonhosted.org/packages/cb/b1/3846dd7f199d53cb17f49cba7e651e9ce294d8497c8c150530ed11865bb8/iniconfig-2.3.0-py3-none-any.whl", hash = "sha256:f631c04d2c48c52b84d0d0549c99ff3859c98df65b3101406327ecc7d53fbf12", size = 7484, upload-time = "2025-10-18T21:55:41.639Z" },
]

[[package]]
name = "packaging"
version = "26.0"
source = { registry = "https://pypi.org/simple" }
sdist = { url = "https://files.pythonhosted.org/packages/65/ee/299d360cdc32edc7d2cf530f3accf79c4fca01e96ffc950d8a52213bd8e4/packaging-26.0.tar.gz", hash = "sha256:00243ae351a257117b6a241061796684b084ed1c516a08c48a3f7e147a9d80b4", size = 143416, upload-time = "2026-01-21T20:50:39.064Z" }
wheels = [
    { url = "https://files.pythonhosted.org/packages/b7/b9/c538f279a4e237a006a2c98387d081e9eb060d203d8ed34467cc0f0b9b53/packaging-26.0-py3-none-any.whl", hash = "sha256:b36f1fef9334a5588b4166f8bcd26a14e521f2b55e6b9de3aaa80d3ff7a37529", size = 74366, upload-time = "2026-01-21T20:50:37.788Z" },
]

[[package]]
name = "pluggy"
version = "1.6.0"
source = { registry = "https://pypi.org/simple" }
sdist = { url = "https://files.pythonhosted.org/packages/f9/e2/3e91f31a7d2b083fe6ef3fa267035b518369d9511ffab804f839851d2779/pluggy-1.6.0.tar.gz", hash = "sha256:7dcc130b76258d33b90f61b658791dede3486c3e6bfb003ee5c9bfb396dd22f3", size = 69412, upload-time = "2025-05-15T12:30:07.975Z" }
wheels = [
    { url = "https://files.pythonhosted.org/packages/54/20/4d324d65cc6d9205fabedc306948156824eb9f0ee1633355a8f7ec5c66bf/pluggy-1.6.0-py3-none-any.whl", hash = "sha256:e920276dd6813095e9377c0bc5566d94c932c33b27a3e3945d8389c374dd4746", size = 20538, upload-time = "2025-05-15T12:30:06.134Z" },
]

[[package]]
name = "plumbum"
version = "1.10.0"
source = { registry = "https://pypi.org/simple" }
dependencies = [
    { name = "pywin32", marker = "platform_python_implementation != 'PyPy' and sys_platform == 'win32'" },
]
sdist = { url = "https://files.pythonhosted.org/packages/dc/c8/11a5f792704b70f071a3dbc329105a98e9cc8d25daaf09f733c44eb0ef8e/plumbum-1.10.0.tar.gz", hash = "sha256:f8cbf0ecec0b73ff4e349398b65112a9e3f9300e7dc019001217dcc148d5c97c", size = 320039, upload-time = "2025-10-31T05:02:48.697Z" }
wheels = [
    { url = "https://files.pythonhosted.org/packages/79/ad/45312df6b63ba64ea35b8d8f5f0c577aac16e6b416eafe8e1cb34e03f9a7/plumbum-1.10.0-py3-none-any.whl", hash = "sha256:9583d737ac901c474d99d030e4d5eec4c4e6d2d7417b1cf49728cf3be34f6dc8", size = 127383, upload-time = "2025-10-31T05:02:47.002Z" },
]

[[package]]
name = "pygments"
version = "2.19.2"
source = { registry = "https://pypi.org/simple" }
sdist = { url = "https://files.pythonhosted.org/packages/b0/77/a5b8c569bf593b0140bde72ea885a803b82086995367bf2037de0159d924/pygments-2.19.2.tar.gz", hash = "sha256:636cb2477cec7f8952536970bc533bc43743542f70392ae026374600add5b887", size = 4968631, upload-time = "2025-06-21T13:39:12.283Z" }
wheels = [
    { url = "https://files.pythonhosted.org/packages/c7/21/705964c7812476f378728bdf590ca4b771ec72385c533964653c68e86bdc/pygments-2.19.2-py3-none-any.whl", hash = "sha256:86540386c03d588bb81d44bc3928634ff26449851e99741617ecb9037ee5ec0b", size = 1225217, upload-time = "2025-06-21T13:39:07.939Z" },
]

[[package]]
name = "pytest"
version = "9.0.2"
source = { registry = "https://pypi.org/simple" }
dependencies = [
    { name = "colorama", marker = "sys_platform == 'win32'" },
    { name = "iniconfig" },
    { name = "packaging" },
    { name = "pluggy" },
    { name = "pygments" },
]
sdist = { url = "https://files.pythonhosted.org/packages/d1/db/7ef3487e0fb0049ddb5ce41d3a49c235bf9ad299b6a25d5780a89f19230f/pytest-9.0.2.tar.gz", hash = "sha256:75186651a92bd89611d1d9fc20f0b4345fd827c41ccd5c299a868a05d70edf11", size = 1568901, upload-time = "2025-12-06T21:30:51.014Z" }
wheels = [
    { url = "https://files.pythonhosted.org/packages/3b/ab/b3226f0bd7cdcf710fbede2b3548584366da3b19b5021e74f5bde2a8fa3f/pytest-9.0.2-py3-none-any.whl", hash = "sha256:711ffd45bf766d5264d487b917733b453d917afd2b0ad65223959f59089f875b", size = 374801, upload-time = "2025-12-06T21:30:49.154Z" },
]

[[package]]
name = "pytest-inside-docker"
version = "0.1.0"
source = { virtual = "." }
dependencies = [
    { name = "pytest" },
    { name = "rpyc" },
    { name = "testcontainers" },
]

[package.metadata]
requires-dist = [
    { name = "pytest", specifier = ">=9.0.2" },
    { name = "rpyc", specifier = ">=6.0.2" },
    { name = "testcontainers", specifier = ">=4.14.1" },
]

[[package]]
name = "python-dotenv"
version = "1.2.1"
source = { registry = "https://pypi.org/simple" }
sdist = { url = "https://files.pythonhosted.org/packages/f0/26/19cadc79a718c5edbec86fd4919a6b6d3f681039a2f6d66d14be94e75fb9/python_dotenv-1.2.1.tar.gz", hash = "sha256:42667e897e16ab0d66954af0e60a9caa94f0fd4ecf3aaf6d2d260eec1aa36ad6", size = 44221, upload-time = "2025-10-26T15:12:10.434Z" }
wheels = [
    { url = "https://files.pythonhosted.org/packages/14/1b/a298b06749107c305e1fe0f814c6c74aea7b2f1e10989cb30f544a1b3253/python_dotenv-1.2.1-py3-none-any.whl", hash = "sha256:b81ee9561e9ca4004139c6cbba3a238c32b03e4894671e181b671e8cb8425d61", size = 21230, upload-time = "2025-10-26T15:12:09.109Z" },
]

[[package]]
name = "pywin32"
version = "311"
source = { registry = "https://pypi.org/simple" }
wheels = [
    { url = "https://files.pythonhosted.org/packages/c9/31/097f2e132c4f16d99a22bfb777e0fd88bd8e1c634304e102f313af69ace5/pywin32-311-cp314-cp314-win32.whl", hash = "sha256:b7a2c10b93f8986666d0c803ee19b5990885872a7de910fc460f9b0c2fbf92ee", size = 8840714, upload-time = "2025-07-14T20:13:32.449Z" },
    { url = "https://files.pythonhosted.org/packages/90/4b/07c77d8ba0e01349358082713400435347df8426208171ce297da32c313d/pywin32-311-cp314-cp314-win_amd64.whl", hash = "sha256:3aca44c046bd2ed8c90de9cb8427f581c479e594e99b5c0bb19b29c10fd6cb87", size = 9656800, upload-time = "2025-07-14T20:13:34.312Z" },
    { url = "https://files.pythonhosted.org/packages/c0/d2/21af5c535501a7233e734b8af901574572da66fcc254cb35d0609c9080dd/pywin32-311-cp314-cp314-win_arm64.whl", hash = "sha256:a508e2d9025764a8270f93111a970e1d0fbfc33f4153b388bb649b7eec4f9b42", size = 8932540, upload-time = "2025-07-14T20:13:36.379Z" },
]

[[package]]
name = "requests"
version = "2.32.5"
source = { registry = "https://pypi.org/simple" }
dependencies = [
    { name = "certifi" },
    { name = "charset-normalizer" },
    { name = "idna" },
    { name = "urllib3" },
]
sdist = { url = "https://files.pythonhosted.org/packages/c9/74/b3ff8e6c8446842c3f5c837e9c3dfcfe2018ea6ecef224c710c85ef728f4/requests-2.32.5.tar.gz", hash = "sha256:dbba0bac56e100853db0ea71b82b4dfd5fe2bf6d3754a8893c3af500cec7d7cf", size = 134517, upload-time = "2025-08-18T20:46:02.573Z" }
wheels = [
    { url = "https://files.pythonhosted.org/packages/1e/db/4254e3eabe8020b458f1a747140d32277ec7a271daf1d235b70dc0b4e6e3/requests-2.32.5-py3-none-any.whl", hash = "sha256:2462f94637a34fd532264295e186976db0f5d453d1cdd31473c85a6a161affb6", size = 64738, upload-time = "2025-08-18T20:46:00.542Z" },
]

[[package]]
name = "rpyc"
version = "6.0.2"
source = { registry = "https://pypi.org/simple" }
dependencies = [
    { name = "plumbum" },
]
sdist = { url = "https://files.pythonhosted.org/packages/8b/e7/1c17410673b634f4658bb5d2232d0c4507432a97508b2c6708e59481644a/rpyc-6.0.2.tar.gz", hash = "sha256:8e780a6a71b842128a80a337c64adfb6f919014e069951832161c9efc630c93b", size = 62321, upload-time = "2025-04-18T16:33:21.693Z" }
wheels = [
    { url = "https://files.pythonhosted.org/packages/3f/99/2e119d541d596daea39643eb9312b47c7847383951300f889166938035b1/rpyc-6.0.2-py3-none-any.whl", hash = "sha256:8072308ad30725bc281c42c011fc8c922be15f3eeda6eafb2917cafe1b6f00ec", size = 74768, upload-time = "2025-04-18T16:33:20.147Z" },
]

[[package]]
name = "testcontainers"
version = "4.14.1"
source = { registry = "https://pypi.org/simple" }
dependencies = [
    { name = "docker" },
    { name = "python-dotenv" },
    { name = "typing-extensions" },
    { name = "urllib3" },
    { name = "wrapt" },
]
sdist = { url = "https://files.pythonhosted.org/packages/8b/02/ef62dec9e4f804189c44df23f0b86897c738d38e9c48282fcd410308632f/testcontainers-4.14.1.tar.gz", hash = "sha256:316f1bb178d829c003acd650233e3ff3c59a833a08d8661c074f58a4fbd42a64", size = 80148, upload-time = "2026-01-31T23:13:46.915Z" }
wheels = [
    { url = "https://files.pythonhosted.org/packages/c8/31/5e7b23f9e43ff7fd46d243808d70c5e8daf3bc08ecf5a7fb84d5e38f7603/testcontainers-4.14.1-py3-none-any.whl", hash = "sha256:03dfef4797b31c82e7b762a454b6afec61a2a512ad54af47ab41e4fa5415f891", size = 125640, upload-time = "2026-01-31T23:13:45.464Z" },
]

[[package]]
name = "typing-extensions"
version = "4.15.0"
source = { registry = "https://pypi.org/simple" }
sdist = { url = "https://files.pythonhosted.org/packages/72/94/1a15dd82efb362ac84269196e94cf00f187f7ed21c242792a923cdb1c61f/typing_extensions-4.15.0.tar.gz", hash = "sha256:0cea48d173cc12fa28ecabc3b837ea3cf6f38c6d1136f85cbaaf598984861466", size = 109391, upload-time = "2025-08-25T13:49:26.313Z" }
wheels = [
    { url = "https://files.pythonhosted.org/packages/18/67/36e9267722cc04a6b9f15c7f3441c2363321a3ea07da7ae0c0707beb2a9c/typing_extensions-4.15.0-py3-none-any.whl", hash = "sha256:f0fa19c6845758ab08074a0cfa8b7aecb71c999ca73d62883bc25cc018c4e548", size = 44614, upload-time = "2025-08-25T13:49:24.86Z" },
]

[[package]]
name = "urllib3"
version = "2.6.3"
source = { registry = "https://pypi.org/simple" }
sdist = { url = "https://files.pythonhosted.org/packages/c7/24/5f1b3bdffd70275f6661c76461e25f024d5a38a46f04aaca912426a2b1d3/urllib3-2.6.3.tar.gz", hash = "sha256:1b62b6884944a57dbe321509ab94fd4d3b307075e0c2eae991ac71ee15ad38ed", size = 435556, upload-time = "2026-01-07T16:24:43.925Z" }
wheels = [
    { url = "https://files.pythonhosted.org/packages/39/08/aaaad47bc4e9dc8c725e68f9d04865dbcb2052843ff09c97b08904852d84/urllib3-2.6.3-py3-none-any.whl", hash = "sha256:bf272323e553dfb2e87d9bfd225ca7b0f467b919d7bbd355436d3fd37cb0acd4", size = 131584, upload-time = "2026-01-07T16:24:42.685Z" },
]

[[package]]
name = "wrapt"
version = "2.1.1"
source = { registry = "https://pypi.org/simple" }
sdist = { url = "https://files.pythonhosted.org/packages/f7/37/ae31f40bec90de2f88d9597d0b5281e23ffe85b893a47ca5d9c05c63a4f6/wrapt-2.1.1.tar.gz", hash = "sha256:5fdcb09bf6db023d88f312bd0767594b414655d58090fc1c46b3414415f67fac", size = 81329, upload-time = "2026-02-03T02:12:13.786Z" }
wheels = [
    { url = "https://files.pythonhosted.org/packages/95/a0/1c2396e272f91efe6b16a6a8bce7ad53856c8f9ae4f34ceaa711d63ec9e1/wrapt-2.1.1-cp314-cp314-macosx_10_15_x86_64.whl", hash = "sha256:9aa1765054245bb01a37f615503290d4e207e3fd59226e78341afb587e9c1236", size = 61311, upload-time = "2026-02-03T02:12:44.41Z" },
    { url = "https://files.pythonhosted.org/packages/b0/9a/d2faba7e61072a7507b5722db63562fdb22f5a24e237d460d18755627f15/wrapt-2.1.1-cp314-cp314-macosx_11_0_arm64.whl", hash = "sha256:feff14b63a6d86c1eee33a57f77573649f2550935981625be7ff3cb7342efe05", size = 61805, upload-time = "2026-02-03T02:11:59.905Z" },
    { url = "https://files.pythonhosted.org/packages/db/56/073989deb4b5d7d6e7ea424476a4ae4bda02140f2dbeaafb14ba4864dd60/wrapt-2.1.1-cp314-cp314-manylinux1_x86_64.manylinux_2_28_x86_64.manylinux_2_5_x86_64.whl", hash = "sha256:81fc5f22d5fcfdbabde96bb3f5379b9f4476d05c6d524d7259dc5dfb501d3281", size = 120308, upload-time = "2026-02-03T02:12:04.46Z" },
    { url = "https://files.pythonhosted.org/packages/d1/b6/84f37261295e38167a29eb82affaf1dc15948dc416925fe2091beee8e4ac/wrapt-2.1.1-cp314-cp314-manylinux2014_aarch64.manylinux_2_17_aarch64.manylinux_2_28_aarch64.whl", hash = "sha256:951b228ecf66def855d22e006ab9a1fc12535111ae7db2ec576c728f8ddb39e8", size = 122688, upload-time = "2026-02-03T02:11:23.148Z" },
    { url = "https://files.pythonhosted.org/packages/ea/80/32db2eec6671f80c65b7ff175be61bc73d7f5223f6910b0c921bbc4bd11c/wrapt-2.1.1-cp314-cp314-musllinux_1_2_aarch64.whl", hash = "sha256:0ddf582a95641b9a8c8bd643e83f34ecbbfe1b68bc3850093605e469ab680ae3", size = 121115, upload-time = "2026-02-03T02:12:39.068Z" },
    { url = "https://files.pythonhosted.org/packages/49/ef/dcd00383df0cd696614127902153bf067971a5aabcd3c9dcb2d8ef354b2a/wrapt-2.1.1-cp314-cp314-musllinux_1_2_x86_64.whl", hash = "sha256:fc5c500966bf48913f795f1984704e6d452ba2414207b15e1f8c339a059d5b16", size = 119484, upload-time = "2026-02-03T02:11:48.419Z" },
    { url = "https://files.pythonhosted.org/packages/76/29/0630280cdd2bd8f86f35cb6854abee1c9d6d1a28a0c6b6417cd15d378325/wrapt-2.1.1-cp314-cp314-win32.whl", hash = "sha256:4aa4baadb1f94b71151b8e44a0c044f6af37396c3b8bcd474b78b49e2130a23b", size = 58514, upload-time = "2026-02-03T02:11:58.616Z" },
    { url = "https://files.pythonhosted.org/packages/db/19/5bed84f9089ed2065f6aeda5dfc4f043743f642bc871454b261c3d7d322b/wrapt-2.1.1-cp314-cp314-win_amd64.whl", hash = "sha256:860e9d3fd81816a9f4e40812f28be4439ab01f260603c749d14be3c0a1170d19", size = 60763, upload-time = "2026-02-03T02:12:24.553Z" },
    { url = "https://files.pythonhosted.org/packages/e4/cb/b967f2f9669e4249b4fe82e630d2a01bc6b9e362b9b12ed91bbe23ae8df4/wrapt-2.1.1-cp314-cp314-win_arm64.whl", hash = "sha256:3c59e103017a2c1ea0ddf589cbefd63f91081d7ce9d491d69ff2512bb1157e23", size = 59051, upload-time = "2026-02-03T02:11:29.602Z" },
    { url = "https://files.pythonhosted.org/packages/eb/19/6fed62be29f97eb8a56aff236c3f960a4b4a86e8379dc7046a8005901a97/wrapt-2.1.1-cp314-cp314t-macosx_10_15_x86_64.whl", hash = "sha256:9fa7c7e1bee9278fc4f5dd8275bc8d25493281a8ec6c61959e37cc46acf02007", size = 63059, upload-time = "2026-02-03T02:12:06.368Z" },
    { url = "https://files.pythonhosted.org/packages/0a/1c/b757fd0adb53d91547ed8fad76ba14a5932d83dde4c994846a2804596378/wrapt-2.1.1-cp314-cp314t-macosx_11_0_arm64.whl", hash = "sha256:39c35e12e8215628984248bd9c8897ce0a474be2a773db207eb93414219d8469", size = 63618, upload-time = "2026-02-03T02:12:23.197Z" },
    { url = "https://files.pythonhosted.org/packages/10/fe/e5ae17b1480957c7988d991b93df9f2425fc51f128cf88144d6a18d0eb12/wrapt-2.1.1-cp314-cp314t-manylinux1_x86_64.manylinux_2_28_x86_64.manylinux_2_5_x86_64.whl", hash = "sha256:94ded4540cac9125eaa8ddf5f651a7ec0da6f5b9f248fe0347b597098f8ec14c", size = 152544, upload-time = "2026-02-03T02:11:43.915Z" },
    { url = "https://files.pythonhosted.org/packages/3e/cc/99aed210c6b547b8a6e4cb9d1425e4466727158a6aeb833aa7997e9e08dd/wrapt-2.1.1-cp314-cp314t-manylinux2014_aarch64.manylinux_2_17_aarch64.manylinux_2_28_aarch64.whl", hash = "sha256:da0af328373f97ed9bdfea24549ac1b944096a5a71b30e41c9b8b53ab3eec04a", size = 158700, upload-time = "2026-02-03T02:12:30.684Z" },
    { url = "https://files.pythonhosted.org/packages/81/0e/d442f745f4957944d5f8ad38bc3a96620bfff3562533b87e486e979f3d99/wrapt-2.1.1-cp314-cp314t-musllinux_1_2_aarch64.whl", hash = "sha256:4ad839b55f0bf235f8e337ce060572d7a06592592f600f3a3029168e838469d3", size = 155561, upload-time = "2026-02-03T02:11:28.164Z" },
    { url = "https://files.pythonhosted.org/packages/51/ac/9891816280e0018c48f8dfd61b136af7b0dcb4a088895db2531acde5631b/wrapt-2.1.1-cp314-cp314t-musllinux_1_2_x86_64.whl", hash = "sha256:0d89c49356e5e2a50fa86b40e0510082abcd0530f926cbd71cf25bee6b9d82d7", size = 150188, upload-time = "2026-02-03T02:11:57.053Z" },
    { url = "https://files.pythonhosted.org/packages/24/98/e2f273b6d70d41f98d0739aa9a269d0b633684a5fb17b9229709375748d4/wrapt-2.1.1-cp314-cp314t-win32.whl", hash = "sha256:f4c7dd22cf7f36aafe772f3d88656559205c3af1b7900adfccb70edeb0d2abc4", size = 60425, upload-time = "2026-02-03T02:11:35.007Z" },
    { url = "https://files.pythonhosted.org/packages/1e/06/b500bfc38a4f82d89f34a13069e748c82c5430d365d9e6b75afb3ab74457/wrapt-2.1.1-cp314-cp314t-win_amd64.whl", hash = "sha256:f76bc12c583ab01e73ba0ea585465a41e48d968f6d1311b4daec4f8654e356e3", size = 63855, upload-time = "2026-02-03T02:12:15.47Z" },
    { url = "https://files.pythonhosted.org/packages/d9/cc/5f6193c32166faee1d2a613f278608e6f3b95b96589d020f0088459c46c9/wrapt-2.1.1-cp314-cp314t-win_arm64.whl", hash = "sha256:7ea74fc0bec172f1ae5f3505b6655c541786a5cabe4bbc0d9723a56ac32eb9b9", size = 60443, upload-time = "2026-02-03T02:11:30.869Z" },
    { url = "https://files.pythonhosted.org/packages/c4/da/5a086bf4c22a41995312db104ec2ffeee2cf6accca9faaee5315c790377d/wrapt-2.1.1-py3-none-any.whl", hash = "sha256:3b0f4629eb954394a3d7c7a1c8cca25f0b07cefe6aa8545e862e9778152de5b7", size = 43886, upload-time = "2026-02-03T02:11:45.048Z" },
]
